
Microsoft Visual Studio Solution File, Format Version 12.00
# Visual Studio Version 17
VisualStudioVersion = 17.9.34728.123
MinimumVisualStudioVersion = 10.0.40219.1
Project("{9A19103F-16F7-4668-BE54-9A1E7A4F7556}") = "CredentialsAccessManager", "CredentialsAccessManager\CredentialsAccessManager.csproj", "{C18F4F9B-7FD0-4E08-9E6A-041C61E52A5F}"
EndProject
Project("{9A19103F-16F7-4668-BE54-9A1E7A4F7556}") = "AuthProvider", "AuthProvider\AuthProvider.csproj", "{23A4A090-86A0-46D3-959C-38C416E1CFA8}"
EndProject
Project("{FAE04EC0-301F-11D3-BF4B-00C04F79EFBC}") = "TestCam", "TestCam\TestCam.csproj", "{EAECE5E1-5571-47FD-B214-2906F6C7EC60}"
EndProject
Global
	GlobalSection(SolutionConfigurationPlatforms) = preSolution
		Debug|Any CPU = Debug|Any CPU
		Release|Any CPU = Release|Any CPU
	EndGlobalSection
	GlobalSection(ProjectConfigurationPlatforms) = postSolution
		{C18F4F9B-7FD0-4E08-9E6A-041C61E52A5F}.Debug|Any CPU.ActiveCfg = Debug|Any CPU
		{C18F4F9B-7FD0-4E08-9E6A-041C61E52A5F}.Debug|Any CPU.Build.0 = Debug|Any CPU
		{C18F4F9B-7FD0-4E08-9E6A-041C61E52A5F}.Release|Any CPU.ActiveCfg = Release|Any CPU
		{C18F4F9B-7FD0-4E08-9E6A-041C61E52A5F}.Release|Any CPU.Build.0 = Release|Any CPU
		{23A4A090-86A0-46D3-959C-38C416E1CFA8}.Debug|Any CPU.ActiveCfg = Debug|Any CPU
		{23A4A090-86A0-46D3-959C-38C416E1CFA8}.Debug|Any CPU.Build.0 = Debug|Any CPU
		{23A4A090-86A0-46D3-959C-38C416E1CFA8}.Release|Any CPU.ActiveCfg = Release|Any CPU
		{23A4A090-86A0-46D3-959C-38C416E1CFA8}.Release|Any CPU.Build.0 = Release|Any CPU
		{EAECE5E1-5571-47FD-B214-2906F6C7EC60}.Debug|Any CPU.ActiveCfg = Debug|Any CPU
		{EAECE5E1-5571-47FD-B214-2906F6C7EC60}.Debug|Any CPU.Build.0 = Debug|Any CPU
		{EAECE5E1-5571-47FD-B214-2906F6C7EC60}.Release|Any CPU.ActiveCfg = Release|Any CPU
		{EAECE5E1-5571-47FD-B214-2906F6C7EC60}.Release|Any CPU.Build.0 = Release|Any CPU
	EndGlobalSection
	GlobalSection(SolutionProperties) = preSolution
		HideSolutionNode = FALSE
	EndGlobalSection
	GlobalSection(ExtensibilityGlobals) = postSolution
		SolutionGuid = {A584001C-D71D-4A18-BEF6-625503ED3D38}
	EndGlobalSection
EndGlobal
